
Microsoft Visual Studio Solution File, Format Version 12.00
# Visual Studio Version 17
VisualStudioVersion = 17.4.33205.214
MinimumVisualStudioVersion = 10.0.40219.1
Project("{FAE04EC0-301F-11D3-BF4B-00C04F79EFBC}") = "Consultas", "Consultas\Consultas.csproj", "{13DBC2C4-FF94-41C3-B3D5-60E267A2E28F}"
EndProject
Global
	GlobalSection(SolutionConfigurationPlatforms) = preSolution
		Debug|Any CPU = Debug|Any CPU
		Release|Any CPU = Release|Any CPU
	EndGlobalSection
	GlobalSection(ProjectConfigurationPlatforms) = postSolution
		{13DBC2C4-FF94-41C3-B3D5-60E267A2E28F}.Debug|Any CPU.ActiveCfg = Debug|Any CPU
		{13DBC2C4-FF94-41C3-B3D5-60E267A2E28F}.Debug|Any CPU.Build.0 = Debug|Any CPU
		{13DBC2C4-FF94-41C3-B3D5-60E267A2E28F}.Release|Any CPU.ActiveCfg = Release|Any CPU
		{13DBC2C4-FF94-41C3-B3D5-60E267A2E28F}.Release|Any CPU.Build.0 = Release|Any CPU
	EndGlobalSection
	GlobalSection(SolutionProperties) = preSolution
		HideSolutionNode = FALSE
	EndGlobalSection
	GlobalSection(ExtensibilityGlobals) = postSolution
		SolutionGuid = {687A1E16-96D2-46A6-96D6-381D7B3BEBA2}
	EndGlobalSection
EndGlobal
